{
  "name": "@gosen/router",
  "version": "0.0.1",
  "lockfileVersion": 3,
  "requires": true,
  "packages": {
    "": {
      "name": "@gosen/router",
      "version": "0.0.1",
      "license": "ISC",
      "dependencies": {
        "@gosen/command-types": "^0.0.3",
        "@gosen/diff": "^0.0.2",
        "@gosen/dom": "^0.0.2",
        "@gosen/request": "^0.0.1"
      },
      "devDependencies": {
        "typescript": "^4.9.5"
      }
    },
    "node_modules/@gosen/command-types": {
      "version": "0.0.3",
      "resolved": "https://registry.npmjs.org/@gosen/command-types/-/command-types-0.0.3.tgz",
      "integrity": "sha512-PmAjMnGthNCHt+N3a0Sq3fzPYvKvgiIZRCRB3ExzyUuH6E/eM/ekFURF1WYitE3mVwSIZCxHr/9lKLurYFrqPQ=="
    },
    "node_modules/@gosen/diff": {
      "version": "0.0.2",
      "resolved": "https://registry.npmjs.org/@gosen/diff/-/diff-0.0.2.tgz",
      "integrity": "sha512-5YuVYI9pd8GcHzNPNdu6gJIIdV0zCZJBCM4GkbsCl+8eFT2ikkRLxQtLvlD3U9jyB5lTizEOXAzO+8Mi5G6J4g==",
      "dependencies": {
        "@gosen/command-types": "^0.0.2"
      }
    },
    "node_modules/@gosen/diff/node_modules/@gosen/command-types": {
      "version": "0.0.2",
      "resolved": "https://registry.npmjs.org/@gosen/command-types/-/command-types-0.0.2.tgz",
      "integrity": "sha512-b4ckryWRnL7qQ0dS0ypCK3v8vgmLjvQ3+JL9aX84ZrGWzYAohq7p7aWBod33L5SUJgOLCrUQuhYUawVd+6+7pQ=="
    },
    "node_modules/@gosen/dom": {
      "version": "0.0.2",
      "resolved": "https://registry.npmjs.org/@gosen/dom/-/dom-0.0.2.tgz",
      "integrity": "sha512-dm20Hx5uRDFjh5ucyMdBhXhALKNYTzRW73/g4+hyK0Cuk2ilRNvTq6DbYm+Rf6x51fICP6Dg+NGI0sRP/zcuUA==",
      "dependencies": {
        "@gosen/command-types": "^0.0.3"
      }
    },
    "node_modules/@gosen/request": {
      "version": "0.0.1",
      "resolved": "https://registry.npmjs.org/@gosen/request/-/request-0.0.1.tgz",
      "integrity": "sha512-2VLfvsEy0kVEQ4HBA4JPqZy/mWiUPAHpz+e4qh7GTBYawTn/LvkgewtenYM9XrUJL6jRBN6B14m6A32aZ59ywg==",
      "dependencies": {
        "@gosen/command-types": "^0.0.3",
        "@gosen/run-resolver": "^0.0.3"
      }
    },
    "node_modules/@gosen/run-resolver": {
      "version": "0.0.3",
      "resolved": "https://registry.npmjs.org/@gosen/run-resolver/-/run-resolver-0.0.3.tgz",
      "integrity": "sha512-j71i/7jjzYrhj5tUD/hqsVSv5+5ZtNj6YCc9KzsjfZfnJL1g5E7OFKAZZCEobB3uEYqwkkdqMIFAFA9ciRTykg==",
      "dependencies": {
        "@gosen/command-types": "^0.0.1"
      }
    },
    "node_modules/@gosen/run-resolver/node_modules/@gosen/command-types": {
      "version": "0.0.1",
      "resolved": "https://registry.npmjs.org/@gosen/command-types/-/command-types-0.0.1.tgz",
      "integrity": "sha512-8m4GQ/dfaNp7aYhAw9aT9xXpT/iO8prNuJSZ4ZkWClLBIw2WcR2Q+f5jUYjJ/QOUl13Zsekk35N/mnYfNI/oUg=="
    },
    "node_modules/typescript": {
      "version": "4.9.5",
      "resolved": "https://registry.npmjs.org/typescript/-/typescript-4.9.5.tgz",
      "integrity": "sha512-1FXk9E2Hm+QzZQ7z+McJiHL4NW1F2EzMu9Nq9i3zAaGqibafqYwCVU6WyWAuyQRRzOlxou8xZSyXLEN8oKj24g==",
      "dev": true,
      "bin": {
        "tsc": "bin/tsc",
        "tsserver": "bin/tsserver"
      },
      "engines": {
        "node": ">=4.2.0"
      }
    }
  }
}
