{
  "name": "@gosen/router",
  "version": "0.0.23",
  "lockfileVersion": 3,
  "requires": true,
  "packages": {
    "": {
      "name": "@gosen/router",
      "version": "0.0.23",
      "license": "ISC",
      "dependencies": {
        "@gosen/command-types": "^0.0.11",
        "@gosen/diff": "^0.0.11",
        "@gosen/dom": "^0.0.14",
        "@gosen/request": "^0.0.16"
      },
      "devDependencies": {
        "typescript": "^5.0.4"
      }
    },
    "node_modules/@gosen/command-types": {
      "version": "0.0.11",
      "resolved": "https://registry.npmjs.org/@gosen/command-types/-/command-types-0.0.11.tgz",
      "integrity": "sha512-iAgaDbhEJvq79LkH1Z3nRTY3sv7SwAeqmo1fm+MXvVmOu2Ojw0CTR+yz6HHXosIPsdrMIt2ledrn4QFDqT+7Wg=="
    },
    "node_modules/@gosen/diff": {
      "version": "0.0.11",
      "resolved": "https://registry.npmjs.org/@gosen/diff/-/diff-0.0.11.tgz",
      "integrity": "sha512-2Xsi5PkhNIn5xGobmNw6fPQO59f6UdwgtYefHa9xzsVH37F2wMPxsgOBRXTM70Bf8szaO7GzQmXyUGHtVdWaCg==",
      "dependencies": {
        "@gosen/command-types": "^0.0.11"
      }
    },
    "node_modules/@gosen/dom": {
      "version": "0.0.14",
      "resolved": "https://registry.npmjs.org/@gosen/dom/-/dom-0.0.14.tgz",
      "integrity": "sha512-/8WSihatUrSERxeknrMkP/u9Mkgx4TMg/aopp7VdiEKf58X/YhTcNHvE9MPTOKmLzGFfEqizmbcMeIPagsk3dw==",
      "dependencies": {
        "@gosen/command-types": "^0.0.11"
      }
    },
    "node_modules/@gosen/request": {
      "version": "0.0.16",
      "resolved": "https://registry.npmjs.org/@gosen/request/-/request-0.0.16.tgz",
      "integrity": "sha512-btZ1c9uJDbyVxyKoBBx65+D3sdEtMKOAlRUVWVmrVa2knPxKmNfYoZFJpfUg0oK4Y9SBO/U+q2wqS32XepXYOQ==",
      "dependencies": {
        "@gosen/command-types": "^0.0.11",
        "@gosen/run-resolver": "^0.0.11"
      }
    },
    "node_modules/@gosen/run-resolver": {
      "version": "0.0.11",
      "resolved": "https://registry.npmjs.org/@gosen/run-resolver/-/run-resolver-0.0.11.tgz",
      "integrity": "sha512-JWl7fbKFIf8SkKWPUHUDk3WNok5o4Ieu8IauiqWGCBJTgQCwQOjjczNvFZGz1fKxm3OWKeObX4CvPd9TiscAjg==",
      "dependencies": {
        "@gosen/command-types": "^0.0.11"
      }
    },
    "node_modules/typescript": {
      "version": "5.0.4",
      "resolved": "https://registry.npmjs.org/typescript/-/typescript-5.0.4.tgz",
      "integrity": "sha512-cW9T5W9xY37cc+jfEnaUvX91foxtHkza3Nw3wkoF4sSlKn0MONdkdEndig/qPBWXNkmplh3NzayQzCiHM4/hqw==",
      "dev": true,
      "bin": {
        "tsc": "bin/tsc",
        "tsserver": "bin/tsserver"
      },
      "engines": {
        "node": ">=12.20"
      }
    }
  }
}
