{
  "name": "@gosen/router",
  "version": "0.0.16",
  "lockfileVersion": 3,
  "requires": true,
  "packages": {
    "": {
      "name": "@gosen/router",
      "version": "0.0.16",
      "license": "ISC",
      "dependencies": {
        "@gosen/command-types": "^0.0.9",
        "@gosen/diff": "^0.0.9",
        "@gosen/dom": "^0.0.9",
        "@gosen/request": "^0.0.12"
      },
      "devDependencies": {
        "typescript": "^5.0.4"
      }
    },
    "node_modules/@gosen/command-types": {
      "version": "0.0.9",
      "resolved": "https://registry.npmjs.org/@gosen/command-types/-/command-types-0.0.9.tgz",
      "integrity": "sha512-b1BdjtSzdgU3mHpffieY4IttkYxR0CQWuDVY2g6b50JBF6JhyLO90nZMUe0kzpSZPSIxYTxJfOok75OlKU6rZw=="
    },
    "node_modules/@gosen/diff": {
      "version": "0.0.9",
      "resolved": "https://registry.npmjs.org/@gosen/diff/-/diff-0.0.9.tgz",
      "integrity": "sha512-JuPTJqvjgHiS4uvDs1xaagqxnNCGH+a7DDbl3lYZN5MUgTZCv4ZUasfXH71FRAt1zANvQ/pLvGnEUxhrLZa+Cw==",
      "dependencies": {
        "@gosen/command-types": "^0.0.9"
      }
    },
    "node_modules/@gosen/dom": {
      "version": "0.0.9",
      "resolved": "https://registry.npmjs.org/@gosen/dom/-/dom-0.0.9.tgz",
      "integrity": "sha512-1UQMcykAFDxLLbUuG7yAHXKDGpRPqYTEY963bqYnZMpF66jsYV6Ov7I7NGu82BzkVqCCa9J6ws+D6lRmxvWPdQ==",
      "dependencies": {
        "@gosen/command-types": "^0.0.9"
      }
    },
    "node_modules/@gosen/request": {
      "version": "0.0.12",
      "resolved": "https://registry.npmjs.org/@gosen/request/-/request-0.0.12.tgz",
      "integrity": "sha512-rMoVpss9mCZo9saS3V3SuITOyOWn9hP/KLi02VwnuHYWDUtdikut3TjxXuop17Gn8YdznWW5dgYjsuO0YTns/w==",
      "dependencies": {
        "@gosen/command-types": "^0.0.9",
        "@gosen/run-resolver": "^0.0.9"
      }
    },
    "node_modules/@gosen/run-resolver": {
      "version": "0.0.9",
      "resolved": "https://registry.npmjs.org/@gosen/run-resolver/-/run-resolver-0.0.9.tgz",
      "integrity": "sha512-1GiuBXgiVol2dWgV4/6Au05YKs8NgBQgcR0hsboVrhW8Py22+GslGJNeSzVC3soZdfvW15oVvWNGovDrabbsWw==",
      "dependencies": {
        "@gosen/command-types": "^0.0.9"
      }
    },
    "node_modules/typescript": {
      "version": "5.0.4",
      "resolved": "https://registry.npmjs.org/typescript/-/typescript-5.0.4.tgz",
      "integrity": "sha512-cW9T5W9xY37cc+jfEnaUvX91foxtHkza3Nw3wkoF4sSlKn0MONdkdEndig/qPBWXNkmplh3NzayQzCiHM4/hqw==",
      "dev": true,
      "bin": {
        "tsc": "bin/tsc",
        "tsserver": "bin/tsserver"
      },
      "engines": {
        "node": ">=12.20"
      }
    }
  }
}
